
Microsoft Visual Studio Solution File, Format Version 12.00
# Visual Studio Version 16
VisualStudioVersion = 16.0.31129.286
MinimumVisualStudioVersion = 10.0.40219.1
Project("{FAE04EC0-301F-11D3-BF4B-00C04F79EFBC}") = "Task5(4th)", "Task5(4th)\Task5(4th).csproj", "{F320E9EA-2C1B-4578-B8D0-BC4354CBC75A}"
EndProject
Global
	GlobalSection(SolutionConfigurationPlatforms) = preSolution
		Debug|Any CPU = Debug|Any CPU
		Release|Any CPU = Release|Any CPU
	EndGlobalSection
	GlobalSection(ProjectConfigurationPlatforms) = postSolution
		{F320E9EA-2C1B-4578-B8D0-BC4354CBC75A}.Debug|Any CPU.ActiveCfg = Debug|Any CPU
		{F320E9EA-2C1B-4578-B8D0-BC4354CBC75A}.Debug|Any CPU.Build.0 = Debug|Any CPU
		{F320E9EA-2C1B-4578-B8D0-BC4354CBC75A}.Release|Any CPU.ActiveCfg = Release|Any CPU
		{F320E9EA-2C1B-4578-B8D0-BC4354CBC75A}.Release|Any CPU.Build.0 = Release|Any CPU
	EndGlobalSection
	GlobalSection(SolutionProperties) = preSolution
		HideSolutionNode = FALSE
	EndGlobalSection
	GlobalSection(ExtensibilityGlobals) = postSolution
		SolutionGuid = {5E6C3520-D983-4D34-B8E8-2AB162EDAD4C}
	EndGlobalSection
EndGlobal
